
Microsoft Visual Studio Solution File, Format Version 12.00
# Visual Studio Version 16
VisualStudioVersion = 16.0.33529.622
MinimumVisualStudioVersion = 10.0.40219.1
Project("{FAE04EC0-301F-11D3-BF4B-00C04F79EFBC}") = "ULBSDevOps", "ULBSDevOps\ULBSDevOps.csproj", "{16D5A89B-881A-4A52-8087-ABE4561CE20B}"
EndProject
Global
	GlobalSection(SolutionConfigurationPlatforms) = preSolution
		Debug|Any CPU = Debug|Any CPU
		Release|Any CPU = Release|Any CPU
	EndGlobalSection
	GlobalSection(ProjectConfigurationPlatforms) = postSolution
		{16D5A89B-881A-4A52-8087-ABE4561CE20B}.Debug|Any CPU.ActiveCfg = Debug|Any CPU
		{16D5A89B-881A-4A52-8087-ABE4561CE20B}.Debug|Any CPU.Build.0 = Debug|Any CPU
		{16D5A89B-881A-4A52-8087-ABE4561CE20B}.Release|Any CPU.ActiveCfg = Release|Any CPU
		{16D5A89B-881A-4A52-8087-ABE4561CE20B}.Release|Any CPU.Build.0 = Release|Any CPU
	EndGlobalSection
	GlobalSection(SolutionProperties) = preSolution
		HideSolutionNode = FALSE
	EndGlobalSection
	GlobalSection(ExtensibilityGlobals) = postSolution
		SolutionGuid = {1D60EE28-B325-4CA0-8F81-756EDDB4C510}
	EndGlobalSection
EndGlobal
